
Microsoft Visual Studio Solution File, Format Version 12.00
# Visual Studio 15
Project("{FAE04EC0-301F-11D3-BF4B-00C04F79EFBC}") = "014 Shaking AR Marker", "Assembly-CSharp.csproj", "{169E296B-6368-DDD9-2D9D-BF05E2699661}"
EndProject
Project("{FAE04EC0-301F-11D3-BF4B-00C04F79EFBC}") = "014 Shaking AR Marker", "Assembly-CSharp-Editor.csproj", "{63DE94BD-D8C1-C0C7-8E63-3271811A8243}"
EndProject
Global
	GlobalSection(SolutionConfigurationPlatforms) = preSolution
		Debug|Any CPU = Debug|Any CPU
		Release|Any CPU = Release|Any CPU
	EndGlobalSection
	GlobalSection(ProjectConfigurationPlatforms) = postSolution
		{169E296B-6368-DDD9-2D9D-BF05E2699661}.Debug|Any CPU.ActiveCfg = Debug|Any CPU
		{169E296B-6368-DDD9-2D9D-BF05E2699661}.Debug|Any CPU.Build.0 = Debug|Any CPU
		{169E296B-6368-DDD9-2D9D-BF05E2699661}.Release|Any CPU.ActiveCfg = Release|Any CPU
		{169E296B-6368-DDD9-2D9D-BF05E2699661}.Release|Any CPU.Build.0 = Release|Any CPU
		{63DE94BD-D8C1-C0C7-8E63-3271811A8243}.Debug|Any CPU.ActiveCfg = Debug|Any CPU
		{63DE94BD-D8C1-C0C7-8E63-3271811A8243}.Debug|Any CPU.Build.0 = Debug|Any CPU
		{63DE94BD-D8C1-C0C7-8E63-3271811A8243}.Release|Any CPU.ActiveCfg = Release|Any CPU
		{63DE94BD-D8C1-C0C7-8E63-3271811A8243}.Release|Any CPU.Build.0 = Release|Any CPU
	EndGlobalSection
	GlobalSection(SolutionProperties) = preSolution
		HideSolutionNode = FALSE
	EndGlobalSection
EndGlobal
