
Microsoft Visual Studio Solution File, Format Version 12.00
# Visual Studio 15
Project("{FAE04EC0-301F-11D3-BF4B-00C04F79EFBC}") = "020 AssetBundle & API", "Assembly-CSharp.csproj", "{2A3A3040-C6FD-2889-6104-727D5A4C896C}"
EndProject
Project("{FAE04EC0-301F-11D3-BF4B-00C04F79EFBC}") = "020 AssetBundle & API", "Assembly-CSharp-Editor.csproj", "{1F8981DB-8971-C0C1-0FC8-10345834075E}"
EndProject
Global
	GlobalSection(SolutionConfigurationPlatforms) = preSolution
		Debug|Any CPU = Debug|Any CPU
		Release|Any CPU = Release|Any CPU
	EndGlobalSection
	GlobalSection(ProjectConfigurationPlatforms) = postSolution
		{2A3A3040-C6FD-2889-6104-727D5A4C896C}.Debug|Any CPU.ActiveCfg = Debug|Any CPU
		{2A3A3040-C6FD-2889-6104-727D5A4C896C}.Debug|Any CPU.Build.0 = Debug|Any CPU
		{2A3A3040-C6FD-2889-6104-727D5A4C896C}.Release|Any CPU.ActiveCfg = Release|Any CPU
		{2A3A3040-C6FD-2889-6104-727D5A4C896C}.Release|Any CPU.Build.0 = Release|Any CPU
		{1F8981DB-8971-C0C1-0FC8-10345834075E}.Debug|Any CPU.ActiveCfg = Debug|Any CPU
		{1F8981DB-8971-C0C1-0FC8-10345834075E}.Debug|Any CPU.Build.0 = Debug|Any CPU
		{1F8981DB-8971-C0C1-0FC8-10345834075E}.Release|Any CPU.ActiveCfg = Release|Any CPU
		{1F8981DB-8971-C0C1-0FC8-10345834075E}.Release|Any CPU.Build.0 = Release|Any CPU
	EndGlobalSection
	GlobalSection(SolutionProperties) = preSolution
		HideSolutionNode = FALSE
	EndGlobalSection
EndGlobal
