
Microsoft Visual Studio Solution File, Format Version 12.00
# Visual Studio 15
Project("{FAE04EC0-301F-11D3-BF4B-00C04F79EFBC}") = "11 Line Renderer", "Assembly-CSharp.csproj", "{B2B05A51-6690-AE13-E782-9E8B05B31D65}"
EndProject
Global
	GlobalSection(SolutionConfigurationPlatforms) = preSolution
		Debug|Any CPU = Debug|Any CPU
		Release|Any CPU = Release|Any CPU
	EndGlobalSection
	GlobalSection(ProjectConfigurationPlatforms) = postSolution
		{B2B05A51-6690-AE13-E782-9E8B05B31D65}.Debug|Any CPU.ActiveCfg = Debug|Any CPU
		{B2B05A51-6690-AE13-E782-9E8B05B31D65}.Debug|Any CPU.Build.0 = Debug|Any CPU
		{B2B05A51-6690-AE13-E782-9E8B05B31D65}.Release|Any CPU.ActiveCfg = Release|Any CPU
		{B2B05A51-6690-AE13-E782-9E8B05B31D65}.Release|Any CPU.Build.0 = Release|Any CPU
	EndGlobalSection
	GlobalSection(SolutionProperties) = preSolution
		HideSolutionNode = FALSE
	EndGlobalSection
EndGlobal
